
Microsoft Visual Studio Solution File, Format Version 12.00
# Visual Studio Version 16
VisualStudioVersion = 16.0.30413.136
MinimumVisualStudioVersion = 10.0.40219.1
Project("{FAE04EC0-301F-11D3-BF4B-00C04F79EFBC}") = "Laboratoria", "Laboratoria\Laboratoria.csproj", "{54545DAC-4731-49F6-9A3B-F922B9FBDAC3}"
EndProject
Global
	GlobalSection(SolutionConfigurationPlatforms) = preSolution
		Debug|Any CPU = Debug|Any CPU
		Release|Any CPU = Release|Any CPU
	EndGlobalSection
	GlobalSection(ProjectConfigurationPlatforms) = postSolution
		{54545DAC-4731-49F6-9A3B-F922B9FBDAC3}.Debug|Any CPU.ActiveCfg = Debug|Any CPU
		{54545DAC-4731-49F6-9A3B-F922B9FBDAC3}.Debug|Any CPU.Build.0 = Debug|Any CPU
		{54545DAC-4731-49F6-9A3B-F922B9FBDAC3}.Release|Any CPU.ActiveCfg = Release|Any CPU
		{54545DAC-4731-49F6-9A3B-F922B9FBDAC3}.Release|Any CPU.Build.0 = Release|Any CPU
	EndGlobalSection
	GlobalSection(SolutionProperties) = preSolution
		HideSolutionNode = FALSE
	EndGlobalSection
	GlobalSection(ExtensibilityGlobals) = postSolution
		SolutionGuid = {F1A68718-7624-447F-A349-75606948DDD0}
	EndGlobalSection
EndGlobal
